{
  "object": {
    "pins": [
      {
        "package": "PryntTrimmerView",
        "repositoryURL": "https://github.com/HHK1/PryntTrimmerView.git",
        "state": {
          "branch": null,
          "revision": "ac1b60a22c7e6a6514de7a66d2f3d5b537c956d5",
          "version": "4.0.2"
        }
      },
      {
        "package": "Stevia",
        "repositoryURL": "https://github.com/fitapp-os/Stevia",
        "state": {
          "branch": null,
          "revision": "4d9038ac7203e8c53c89d16fed3b7c823fad015d",
          "version": "5.2.2"
        }
      }
    ]
  },
  "version": 1
}
